// !$*UTF8*$!
{
	archiveVersion = 1;
	classes = {
	};
	objectVersion = 56;
	objects = {

/* Begin PBXBuildFile section */
		B5BC3E03298E5B5D00072731 /* transactionsApp.swift in Sources */ = {isa = PBXBuildFile; fileRef = B5BC3E02298E5B5D00072731 /* transactionsApp.swift */; };
		B5BC3E05298E5B5D00072731 /* ContentView.swift in Sources */ = {isa = PBXBuildFile; fileRef = B5BC3E04298E5B5D00072731 /* ContentView.swift */; };
		B5BC3E07298E5B5F00072731 /* Assets.xcassets in Resources */ = {isa = PBXBuildFile; fileRef = B5BC3E06298E5B5F00072731 /* Assets.xcassets */; };
		B5BC3E0A298E5B5F00072731 /* Preview Assets.xcassets in Resources */ = {isa = PBXBuildFile; fileRef = B5BC3E09298E5B5F00072731 /* Preview Assets.xcassets */; };
		B5BC3E14298E5B6000072731 /* transactionsTests.swift in Sources */ = {isa = PBXBuildFile; fileRef = B5BC3E13298E5B6000072731 /* transactionsTests.swift */; };
		B5BC3E1E298E5B6000072731 /* transactionsUITests.swift in Sources */ = {isa = PBXBuildFile; fileRef = B5BC3E1D298E5B6000072731 /* transactionsUITests.swift */; };
		B5BC3E20298E5B6000072731 /* transactionsUITestsLaunchTests.swift in Sources */ = {isa = PBXBuildFile; fileRef = B5BC3E1F298E5B6000072731 /* transactionsUITestsLaunchTests.swift */; };
/* End PBXBuildFile section */

/* Begin PBXContainerItemProxy section */
		B5BC3E10298E5B6000072731 /* PBXContainerItemProxy */ = {
			isa = PBXContainerItemProxy;
			containerPortal = B5BC3DF7298E5B5D00072731 /* Project object */;
			proxyType = 1;
			remoteGlobalIDString = B5BC3DFE298E5B5D00072731;
			remoteInfo = transactions;
		};
		B5BC3E1A298E5B6000072731 /* PBXContainerItemProxy */ = {
			isa = PBXContainerItemProxy;
			containerPortal = B5BC3DF7298E5B5D00072731 /* Project object */;
			proxyType = 1;
			remoteGlobalIDString = B5BC3DFE298E5B5D00072731;
			remoteInfo = transactions;
		};
/* End PBXContainerItemProxy section */

/* Begin PBXFileReference section */
		B5BC3DFF298E5B5D00072731 /* transactions.app */ = {isa = PBXFileReference; explicitFileType = wrapper.application; includeInIndex = 0; path = transactions.app; sourceTree = BUILT_PRODUCTS_DIR; };
		B5BC3E02298E5B5D00072731 /* transactionsApp.swift */ = {isa = PBXFileReference; lastKnownFileType = sourcecode.swift; path = transactionsApp.swift; sourceTree = "<group>"; };
		B5BC3E04298E5B5D00072731 /* ContentView.swift */ = {isa = PBXFileReference; lastKnownFileType = sourcecode.swift; path = ContentView.swift; sourceTree = "<group>"; };
		B5BC3E06298E5B5F00072731 /* Assets.xcassets */ = {isa = PBXFileReference; lastKnownFileType = folder.assetcatalog; path = Assets.xcassets; sourceTree = "<group>"; };
		B5BC3E09298E5B5F00072731 /* Preview Assets.xcassets */ = {isa = PBXFileReference; lastKnownFileType = folder.assetcatalog; path = "Preview Assets.xcassets"; sourceTree = "<group>"; };
		B5BC3E0F298E5B6000072731 /* transactionsTests.xctest */ = {isa = PBXFileReference; explicitFileType = wrapper.cfbundle; includeInIndex = 0; path = transactionsTests.xctest; sourceTree = BUILT_PRODUCTS_DIR; };
		B5BC3E13298E5B6000072731 /* transactionsTests.swift */ = {isa = PBXFileReference; lastKnownFileType = sourcecode.swift; path = transactionsTests.swift; sourceTree = "<group>"; };
		B5BC3E19298E5B6000072731 /* transactionsUITests.xctest */ = {isa = PBXFileReference; explicitFileType = wrapper.cfbundle; includeInIndex = 0; path = transactionsUITests.xctest; sourceTree = BUILT_PRODUCTS_DIR; };
		B5BC3E1D298E5B6000072731 /* transactionsUITests.swift */ = {isa = PBXFileReference; lastKnownFileType = sourcecode.swift; path = transactionsUITests.swift; sourceTree = "<group>"; };
		B5BC3E1F298E5B6000072731 /* transactionsUITestsLaunchTests.swift */ = {isa = PBXFileReference; lastKnownFileType = sourcecode.swift; path = transactionsUITestsLaunchTests.swift; sourceTree = "<group>"; };
/* End PBXFileReference section */

/* Begin PBXFrameworksBuildPhase section */
		B5BC3DFC298E5B5D00072731 /* Frameworks */ = {
			isa = PBXFrameworksBuildPhase;
			buildActionMask = 2147483647;
			files = (
			);
			runOnlyForDeploymentPostprocessing = 0;
		};
		B5BC3E0C298E5B6000072731 /* Frameworks */ = {
			isa = PBXFrameworksBuildPhase;
			buildActionMask = 2147483647;
			files = (
			);
			runOnlyForDeploymentPostprocessing = 0;
		};
		B5BC3E16298E5B6000072731 /* Frameworks */ = {
			isa = PBXFrameworksBuildPhase;
			buildActionMask = 2147483647;
			files = (
			);
			runOnlyForDeploymentPostprocessing = 0;
		};
/* End PBXFrameworksBuildPhase section */

/* Begin PBXGroup section */
		B5BC3DF6298E5B5D00072731 = {
			isa = PBXGroup;
			children = (
				B5BC3E01298E5B5D00072731 /* transactions */,
				B5BC3E12298E5B6000072731 /* transactionsTests */,
				B5BC3E1C298E5B6000072731 /* transactionsUITests */,
				B5BC3E00298E5B5D00072731 /* Products */,
			);
			sourceTree = "<group>";
		};
		B5BC3E00298E5B5D00072731 /* Products */ = {
			isa = PBXGroup;
			children = (
				B5BC3DFF298E5B5D00072731 /* transactions.app */,
				B5BC3E0F298E5B6000072731 /* transactionsTests.xctest */,
				B5BC3E19298E5B6000072731 /* transactionsUITests.xctest */,
			);
			name = Products;
			sourceTree = "<group>";
		};
		B5BC3E01298E5B5D00072731 /* transactions */ = {
			isa = PBXGroup;
			children = (
				B5BC3E02298E5B5D00072731 /* transactionsApp.swift */,
				B5BC3E04298E5B5D00072731 /* ContentView.swift */,
				B5BC3E06298E5B5F00072731 /* Assets.xcassets */,
				B5BC3E08298E5B5F00072731 /* Preview Content */,
			);
			path = transactions;
			sourceTree = "<group>";
		};
		B5BC3E08298E5B5F00072731 /* Preview Content */ = {
			isa = PBXGroup;
			children = (
				B5BC3E09298E5B5F00072731 /* Preview Assets.xcassets */,
			);
			path = "Preview Content";
			sourceTree = "<group>";
		};
		B5BC3E12298E5B6000072731 /* transactionsTests */ = {
			isa = PBXGroup;
			children = (
				B5BC3E13298E5B6000072731 /* transactionsTests.swift */,
			);
			path = transactionsTests;
			sourceTree = "<group>";
		};
		B5BC3E1C298E5B6000072731 /* transactionsUITests */ = {
			isa = PBXGroup;
			children = (
				B5BC3E1D298E5B6000072731 /* transactionsUITests.swift */,
				B5BC3E1F298E5B6000072731 /* transactionsUITestsLaunchTests.swift */,
			);
			path = transactionsUITests;
			sourceTree = "<group>";
		};
/* End PBXGroup section */

/* Begin PBXNativeTarget section */
		B5BC3DFE298E5B5D00072731 /* transactions */ = {
			isa = PBXNativeTarget;
			buildConfigurationList = B5BC3E23298E5B6000072731 /* Build configuration list for PBXNativeTarget "transactions" */;
			buildPhases = (
				B5BC3DFB298E5B5D00072731 /* Sources */,
				B5BC3DFC298E5B5D00072731 /* Frameworks */,
				B5BC3DFD298E5B5D00072731 /* Resources */,
			);
			buildRules = (
			);
			dependencies = (
			);
			name = transactions;
			productName = transactions;
			productReference = B5BC3DFF298E5B5D00072731 /* transactions.app */;
			productType = "com.apple.product-type.application";
		};
		B5BC3E0E298E5B6000072731 /* transactionsTests */ = {
			isa = PBXNativeTarget;
			buildConfigurationList = B5BC3E26298E5B6000072731 /* Build configuration list for PBXNativeTarget "transactionsTests" */;
			buildPhases = (
				B5BC3E0B298E5B6000072731 /* Sources */,
				B5BC3E0C298E5B6000072731 /* Frameworks */,
				B5BC3E0D298E5B6000072731 /* Resources */,
			);
			buildRules = (
			);
			dependencies = (
				B5BC3E11298E5B6000072731 /* PBXTargetDependency */,
			);
			name = transactionsTests;
			productName = transactionsTests;
			productReference = B5BC3E0F298E5B6000072731 /* transactionsTests.xctest */;
			productType = "com.apple.product-type.bundle.unit-test";
		};
		B5BC3E18298E5B6000072731 /* transactionsUITests */ = {
			isa = PBXNativeTarget;
			buildConfigurationList = B5BC3E29298E5B6000072731 /* Build configuration list for PBXNativeTarget "transactionsUITests" */;
			buildPhases = (
				B5BC3E15298E5B6000072731 /* Sources */,
				B5BC3E16298E5B6000072731 /* Frameworks */,
				B5BC3E17298E5B6000072731 /* Resources */,
			);
			buildRules = (
			);
			dependencies = (
				B5BC3E1B298E5B6000072731 /* PBXTargetDependency */,
			);
			name = transactionsUITests;
			productName = transactionsUITests;
			productReference = B5BC3E19298E5B6000072731 /* transactionsUITests.xctest */;
			productType = "com.apple.product-type.bundle.ui-testing";
		};
/* End PBXNativeTarget section */

/* Begin PBXProject section */
		B5BC3DF7298E5B5D00072731 /* Project object */ = {
			isa = PBXProject;
			attributes = {
				BuildIndependentTargetsInParallel = 1;
				LastSwiftUpdateCheck = 1400;
				LastUpgradeCheck = 1400;
				TargetAttributes = {
					B5BC3DFE298E5B5D00072731 = {
						CreatedOnToolsVersion = 14.0.1;
					};
					B5BC3E0E298E5B6000072731 = {
						CreatedOnToolsVersion = 14.0.1;
						TestTargetID = B5BC3DFE298E5B5D00072731;
					};
					B5BC3E18298E5B6000072731 = {
						CreatedOnToolsVersion = 14.0.1;
						TestTargetID = B5BC3DFE298E5B5D00072731;
					};
				};
			};
			buildConfigurationList = B5BC3DFA298E5B5D00072731 /* Build configuration list for PBXProject "transactions" */;
			compatibilityVersion = "Xcode 14.0";
			developmentRegion = en;
			hasScannedForEncodings = 0;
			knownRegions = (
				en,
				Base,
			);
			mainGroup = B5BC3DF6298E5B5D00072731;
			productRefGroup = B5BC3E00298E5B5D00072731 /* Products */;
			projectDirPath = "";
			projectRoot = "";
			targets = (
				B5BC3DFE298E5B5D00072731 /* transactions */,
				B5BC3E0E298E5B6000072731 /* transactionsTests */,
				B5BC3E18298E5B6000072731 /* transactionsUITests */,
			);
		};
/* End PBXProject section */

/* Begin PBXResourcesBuildPhase section */
		B5BC3DFD298E5B5D00072731 /* Resources */ = {
			isa = PBXResourcesBuildPhase;
			buildActionMask = 2147483647;
			files = (
				B5BC3E0A298E5B5F00072731 /* Preview Assets.xcassets in Resources */,
				B5BC3E07298E5B5F00072731 /* Assets.xcassets in Resources */,
			);
			runOnlyForDeploymentPostprocessing = 0;
		};
		B5BC3E0D298E5B6000072731 /* Resources */ = {
			isa = PBXResourcesBuildPhase;
			buildActionMask = 2147483647;
			files = (
			);
			runOnlyForDeploymentPostprocessing = 0;
		};
		B5BC3E17298E5B6000072731 /* Resources */ = {
			isa = PBXResourcesBuildPhase;
			buildActionMask = 2147483647;
			files = (
			);
			runOnlyForDeploymentPostprocessing = 0;
		};
/* End PBXResourcesBuildPhase section */

/* Begin PBXSourcesBuildPhase section */
		B5BC3DFB298E5B5D00072731 /* Sources */ = {
			isa = PBXSourcesBuildPhase;
			buildActionMask = 2147483647;
			files = (
				B5BC3E05298E5B5D00072731 /* ContentView.swift in Sources */,
				B5BC3E03298E5B5D00072731 /* transactionsApp.swift in Sources */,
			);
			runOnlyForDeploymentPostprocessing = 0;
		};
		B5BC3E0B298E5B6000072731 /* Sources */ = {
			isa = PBXSourcesBuildPhase;
			buildActionMask = 2147483647;
			files = (
				B5BC3E14298E5B6000072731 /* transactionsTests.swift in Sources */,
			);
			runOnlyForDeploymentPostprocessing = 0;
		};
		B5BC3E15298E5B6000072731 /* Sources */ = {
			isa = PBXSourcesBuildPhase;
			buildActionMask = 2147483647;
			files = (
				B5BC3E1E298E5B6000072731 /* transactionsUITests.swift in Sources */,
				B5BC3E20298E5B6000072731 /* transactionsUITestsLaunchTests.swift in Sources */,
			);
			runOnlyForDeploymentPostprocessing = 0;
		};
/* End PBXSourcesBuildPhase section */

/* Begin PBXTargetDependency section */
		B5BC3E11298E5B6000072731 /* PBXTargetDependency */ = {
			isa = PBXTargetDependency;
			target = B5BC3DFE298E5B5D00072731 /* transactions */;
			targetProxy = B5BC3E10298E5B6000072731 /* PBXContainerItemProxy */;
		};
		B5BC3E1B298E5B6000072731 /* PBXTargetDependency */ = {
			isa = PBXTargetDependency;
			target = B5BC3DFE298E5B5D00072731 /* transactions */;
			targetProxy = B5BC3E1A298E5B6000072731 /* PBXContainerItemProxy */;
		};
/* End PBXTargetDependency section */

/* Begin XCBuildConfiguration section */
		B5BC3E21298E5B6000072731 /* Debug */ = {
			isa = XCBuildConfiguration;
			buildSettings = {
				ALWAYS_SEARCH_USER_PATHS = NO;
				CLANG_ANALYZER_NONNULL = YES;
				CLANG_ANALYZER_NUMBER_OBJECT_CONVERSION = YES_AGGRESSIVE;
				CLANG_CXX_LANGUAGE_STANDARD = "gnu++20";
				CLANG_ENABLE_MODULES = YES;
				CLANG_ENABLE_OBJC_ARC = YES;
				CLANG_ENABLE_OBJC_WEAK = YES;
				CLANG_WARN_BLOCK_CAPTURE_AUTORELEASING = YES;
				CLANG_WARN_BOOL_CONVERSION = YES;
				CLANG_WARN_COMMA = YES;
				CLANG_WARN_CONSTANT_CONVERSION = YES;
				CLANG_WARN_DEPRECATED_OBJC_IMPLEMENTATIONS = YES;
				CLANG_WARN_DIRECT_OBJC_ISA_USAGE = YES_ERROR;
				CLANG_WARN_DOCUMENTATION_COMMENTS = YES;
				CLANG_WARN_EMPTY_BODY = YES;
				CLANG_WARN_ENUM_CONVERSION = YES;
				CLANG_WARN_INFINITE_RECURSION = YES;
				CLANG_WARN_INT_CONVERSION = YES;
				CLANG_WARN_NON_LITERAL_NULL_CONVERSION = YES;
				CLANG_WARN_OBJC_IMPLICIT_RETAIN_SELF = YES;
				CLANG_WARN_OBJC_LITERAL_CONVERSION = YES;
				CLANG_WARN_OBJC_ROOT_CLASS = YES_ERROR;
				CLANG_WARN_QUOTED_INCLUDE_IN_FRAMEWORK_HEADER = YES;
				CLANG_WARN_RANGE_LOOP_ANALYSIS = YES;
				CLANG_WARN_STRICT_PROTOTYPES = YES;
				CLANG_WARN_SUSPICIOUS_MOVE = YES;
				CLANG_WARN_UNGUARDED_AVAILABILITY = YES_AGGRESSIVE;
				CLANG_WARN_UNREACHABLE_CODE = YES;
				CLANG_WARN__DUPLICATE_METHOD_MATCH = YES;
				COPY_PHASE_STRIP = NO;
				DEBUG_INFORMATION_FORMAT = dwarf;
				ENABLE_STRICT_OBJC_MSGSEND = YES;
				ENABLE_TESTABILITY = YES;
				GCC_C_LANGUAGE_STANDARD = gnu11;
				GCC_DYNAMIC_NO_PIC = NO;
				GCC_NO_COMMON_BLOCKS = YES;
				GCC_OPTIMIZATION_LEVEL = 0;
				GCC_PREPROCESSOR_DEFINITIONS = (
					"DEBUG=1",
					"$(inherited)",
				);
				GCC_WARN_64_TO_32_BIT_CONVERSION = YES;
				GCC_WARN_ABOUT_RETURN_TYPE = YES_ERROR;
				GCC_WARN_UNDECLARED_SELECTOR = YES;
				GCC_WARN_UNINITIALIZED_AUTOS = YES_AGGRESSIVE;
				GCC_WARN_UNUSED_FUNCTION = YES;
				GCC_WARN_UNUSED_VARIABLE = YES;
				IPHONEOS_DEPLOYMENT_TARGET = 16.0;
				MTL_ENABLE_DEBUG_INFO = INCLUDE_SOURCE;
				MTL_FAST_MATH = YES;
				ONLY_ACTIVE_ARCH = YES;
				SDKROOT = iphoneos;
				SWIFT_ACTIVE_COMPILATION_CONDITIONS = DEBUG;
				SWIFT_OPTIMIZATION_LEVEL = "-Onone";
			};
			name = Debug;
		};
		B5BC3E22298E5B6000072731 /* Release */ = {
			isa = XCBuildConfiguration;
			buildSettings = {
				ALWAYS_SEARCH_USER_PATHS = NO;
				CLANG_ANALYZER_NONNULL = YES;
				CLANG_ANALYZER_NUMBER_OBJECT_CONVERSION = YES_AGGRESSIVE;
				CLANG_CXX_LANGUAGE_STANDARD = "gnu++20";
				CLANG_ENABLE_MODULES = YES;
				CLANG_ENABLE_OBJC_ARC = YES;
				CLANG_ENABLE_OBJC_WEAK = YES;
				CLANG_WARN_BLOCK_CAPTURE_AUTORELEASING = YES;
				CLANG_WARN_BOOL_CONVERSION = YES;
				CLANG_WARN_COMMA = YES;
				CLANG_WARN_CONSTANT_CONVERSION = YES;
				CLANG_WARN_DEPRECATED_OBJC_IMPLEMENTATIONS = YES;
				CLANG_WARN_DIRECT_OBJC_ISA_USAGE = YES_ERROR;
				CLANG_WARN_DOCUMENTATION_COMMENTS = YES;
				CLANG_WARN_EMPTY_BODY = YES;
				CLANG_WARN_ENUM_CONVERSION = YES;
				CLANG_WARN_INFINITE_RECURSION = YES;
				CLANG_WARN_INT_CONVERSION = YES;
				CLANG_WARN_NON_LITERAL_NULL_CONVERSION = YES;
				CLANG_WARN_OBJC_IMPLICIT_RETAIN_SELF = YES;
				CLANG_WARN_OBJC_LITERAL_CONVERSION = YES;
				CLANG_WARN_OBJC_ROOT_CLASS = YES_ERROR;
				CLANG_WARN_QUOTED_INCLUDE_IN_FRAMEWORK_HEADER = YES;
				CLANG_WARN_RANGE_LOOP_ANALYSIS = YES;
				CLANG_WARN_STRICT_PROTOTYPES = YES;
				CLANG_WARN_SUSPICIOUS_MOVE = YES;
				CLANG_WARN_UNGUARDED_AVAILABILITY = YES_AGGRESSIVE;
				CLANG_WARN_UNREACHABLE_CODE = YES;
				CLANG_WARN__DUPLICATE_METHOD_MATCH = YES;
				COPY_PHASE_STRIP = NO;
				DEBUG_INFORMATION_FORMAT = "dwarf-with-dsym";
				ENABLE_NS_ASSERTIONS = NO;
				ENABLE_STRICT_OBJC_MSGSEND = YES;
				GCC_C_LANGUAGE_STANDARD = gnu11;
				GCC_NO_COMMON_BLOCKS = YES;
				GCC_WARN_64_TO_32_BIT_CONVERSION = YES;
				GCC_WARN_ABOUT_RETURN_TYPE = YES_ERROR;
				GCC_WARN_UNDECLARED_SELECTOR = YES;
				GCC_WARN_UNINITIALIZED_AUTOS = YES_AGGRESSIVE;
				GCC_WARN_UNUSED_FUNCTION = YES;
				GCC_WARN_UNUSED_VARIABLE = YES;
				IPHONEOS_DEPLOYMENT_TARGET = 16.0;
				MTL_ENABLE_DEBUG_INFO = NO;
				MTL_FAST_MATH = YES;
				SDKROOT = iphoneos;
				SWIFT_COMPILATION_MODE = wholemodule;
				SWIFT_OPTIMIZATION_LEVEL = "-O";
				VALIDATE_PRODUCT = YES;
			};
			name = Release;
		};
		B5BC3E24298E5B6000072731 /* Debug */ = {
			isa = XCBuildConfiguration;
			buildSettings = {
				ASSETCATALOG_COMPILER_APPICON_NAME = AppIcon;
				ASSETCATALOG_COMPILER_GLOBAL_ACCENT_COLOR_NAME = AccentColor;
				CODE_SIGN_STYLE = Automatic;
				CURRENT_PROJECT_VERSION = 1;
				DEVELOPMENT_ASSET_PATHS = "\"transactions/Preview Content\"";
				DEVELOPMENT_TEAM = JTN943K7YU;
				ENABLE_PREVIEWS = YES;
				GENERATE_INFOPLIST_FILE = YES;
				INFOPLIST_KEY_UIApplicationSceneManifest_Generation = YES;
				INFOPLIST_KEY_UIApplicationSupportsIndirectInputEvents = YES;
				INFOPLIST_KEY_UILaunchScreen_Generation = YES;
				INFOPLIST_KEY_UISupportedInterfaceOrientations_iPad = "UIInterfaceOrientationPortrait UIInterfaceOrientationPortraitUpsideDown UIInterfaceOrientationLandscapeLeft UIInterfaceOrientationLandscapeRight";
				INFOPLIST_KEY_UISupportedInterfaceOrientations_iPhone = "UIInterfaceOrientationPortrait UIInterfaceOrientationLandscapeLeft UIInterfaceOrientationLandscapeRight";
				LD_RUNPATH_SEARCH_PATHS = (
					"$(inherited)",
					"@executable_path/Frameworks",
				);
				MARKETING_VERSION = 1.0;
				PRODUCT_BUNDLE_IDENTIFIER = com.abdulrehman.transactions;
				PRODUCT_NAME = "$(TARGET_NAME)";
				SWIFT_EMIT_LOC_STRINGS = YES;
				SWIFT_VERSION = 5.0;
				TARGETED_DEVICE_FAMILY = "1,2";
			};
			name = Debug;
		};
		B5BC3E25298E5B6000072731 /* Release */ = {
			isa = XCBuildConfiguration;
			buildSettings = {
				ASSETCATALOG_COMPILER_APPICON_NAME = AppIcon;
				ASSETCATALOG_COMPILER_GLOBAL_ACCENT_COLOR_NAME = AccentColor;
				CODE_SIGN_STYLE = Automatic;
				CURRENT_PROJECT_VERSION = 1;
				DEVELOPMENT_ASSET_PATHS = "\"transactions/Preview Content\"";
				DEVELOPMENT_TEAM = JTN943K7YU;
				ENABLE_PREVIEWS = YES;
				GENERATE_INFOPLIST_FILE = YES;
				INFOPLIST_KEY_UIApplicationSceneManifest_Generation = YES;
				INFOPLIST_KEY_UIApplicationSupportsIndirectInputEvents = YES;
				INFOPLIST_KEY_UILaunchScreen_Generation = YES;
				INFOPLIST_KEY_UISupportedInterfaceOrientations_iPad = "UIInterfaceOrientationPortrait UIInterfaceOrientationPortraitUpsideDown UIInterfaceOrientationLandscapeLeft UIInterfaceOrientationLandscapeRight";
				INFOPLIST_KEY_UISupportedInterfaceOrientations_iPhone = "UIInterfaceOrientationPortrait UIInterfaceOrientationLandscapeLeft UIInterfaceOrientationLandscapeRight";
				LD_RUNPATH_SEARCH_PATHS = (
					"$(inherited)",
					"@executable_path/Frameworks",
				);
				MARKETING_VERSION = 1.0;
				PRODUCT_BUNDLE_IDENTIFIER = com.abdulrehman.transactions;
				PRODUCT_NAME = "$(TARGET_NAME)";
				SWIFT_EMIT_LOC_STRINGS = YES;
				SWIFT_VERSION = 5.0;
				TARGETED_DEVICE_FAMILY = "1,2";
			};
			name = Release;
		};
		B5BC3E27298E5B6000072731 /* Debug */ = {
			isa = XCBuildConfiguration;
			buildSettings = {
				ALWAYS_EMBED_SWIFT_STANDARD_LIBRARIES = YES;
				BUNDLE_LOADER = "$(TEST_HOST)";
				CODE_SIGN_STYLE = Automatic;
				CURRENT_PROJECT_VERSION = 1;
				DEVELOPMENT_TEAM = JTN943K7YU;
				GENERATE_INFOPLIST_FILE = YES;
				IPHONEOS_DEPLOYMENT_TARGET = 16.0;
				MARKETING_VERSION = 1.0;
				PRODUCT_BUNDLE_IDENTIFIER = com.abdulrehman.transactionsTests;
				PRODUCT_NAME = "$(TARGET_NAME)";
				SWIFT_EMIT_LOC_STRINGS = NO;
				SWIFT_VERSION = 5.0;
				TARGETED_DEVICE_FAMILY = "1,2";
				TEST_HOST = "$(BUILT_PRODUCTS_DIR)/transactions.app/$(BUNDLE_EXECUTABLE_FOLDER_PATH)/transactions";
			};
			name = Debug;
		};
		B5BC3E28298E5B6000072731 /* Release */ = {
			isa = XCBuildConfiguration;
			buildSettings = {
				ALWAYS_EMBED_SWIFT_STANDARD_LIBRARIES = YES;
				BUNDLE_LOADER = "$(TEST_HOST)";
				CODE_SIGN_STYLE = Automatic;
				CURRENT_PROJECT_VERSION = 1;
				DEVELOPMENT_TEAM = JTN943K7YU;
				GENERATE_INFOPLIST_FILE = YES;
				IPHONEOS_DEPLOYMENT_TARGET = 16.0;
				MARKETING_VERSION = 1.0;
				PRODUCT_BUNDLE_IDENTIFIER = com.abdulrehman.transactionsTests;
				PRODUCT_NAME = "$(TARGET_NAME)";
				SWIFT_EMIT_LOC_STRINGS = NO;
				SWIFT_VERSION = 5.0;
				TARGETED_DEVICE_FAMILY = "1,2";
				TEST_HOST = "$(BUILT_PRODUCTS_DIR)/transactions.app/$(BUNDLE_EXECUTABLE_FOLDER_PATH)/transactions";
			};
			name = Release;
		};
		B5BC3E2A298E5B6000072731 /* Debug */ = {
			isa = XCBuildConfiguration;
			buildSettings = {
				ALWAYS_EMBED_SWIFT_STANDARD_LIBRARIES = YES;
				CODE_SIGN_STYLE = Automatic;
				CURRENT_PROJECT_VERSION = 1;
				DEVELOPMENT_TEAM = JTN943K7YU;
				GENERATE_INFOPLIST_FILE = YES;
				MARKETING_VERSION = 1.0;
				PRODUCT_BUNDLE_IDENTIFIER = com.abdulrehman.transactionsUITests;
				PRODUCT_NAME = "$(TARGET_NAME)";
				SWIFT_EMIT_LOC_STRINGS = NO;
				SWIFT_VERSION = 5.0;
				TARGETED_DEVICE_FAMILY = "1,2";
				TEST_TARGET_NAME = transactions;
			};
			name = Debug;
		};
		B5BC3E2B298E5B6000072731 /* Release */ = {
			isa = XCBuildConfiguration;
			buildSettings = {
				ALWAYS_EMBED_SWIFT_STANDARD_LIBRARIES = YES;
				CODE_SIGN_STYLE = Automatic;
				CURRENT_PROJECT_VERSION = 1;
				DEVELOPMENT_TEAM = JTN943K7YU;
				GENERATE_INFOPLIST_FILE = YES;
				MARKETING_VERSION = 1.0;
				PRODUCT_BUNDLE_IDENTIFIER = com.abdulrehman.transactionsUITests;
				PRODUCT_NAME = "$(TARGET_NAME)";
				SWIFT_EMIT_LOC_STRINGS = NO;
				SWIFT_VERSION = 5.0;
				TARGETED_DEVICE_FAMILY = "1,2";
				TEST_TARGET_NAME = transactions;
			};
			name = Release;
		};
/* End XCBuildConfiguration section */

/* Begin XCConfigurationList section */
		B5BC3DFA298E5B5D00072731 /* Build configuration list for PBXProject "transactions" */ = {
			isa = XCConfigurationList;
			buildConfigurations = (
				B5BC3E21298E5B6000072731 /* Debug */,
				B5BC3E22298E5B6000072731 /* Release */,
			);
			defaultConfigurationIsVisible = 0;
			defaultConfigurationName = Release;
		};
		B5BC3E23298E5B6000072731 /* Build configuration list for PBXNativeTarget "transactions" */ = {
			isa = XCConfigurationList;
			buildConfigurations = (
				B5BC3E24298E5B6000072731 /* Debug */,
				B5BC3E25298E5B6000072731 /* Release */,
			);
			defaultConfigurationIsVisible = 0;
			defaultConfigurationName = Release;
		};
		B5BC3E26298E5B6000072731 /* Build configuration list for PBXNativeTarget "transactionsTests" */ = {
			isa = XCConfigurationList;
			buildConfigurations = (
				B5BC3E27298E5B6000072731 /* Debug */,
				B5BC3E28298E5B6000072731 /* Release */,
			);
			defaultConfigurationIsVisible = 0;
			defaultConfigurationName = Release;
		};
		B5BC3E29298E5B6000072731 /* Build configuration list for PBXNativeTarget "transactionsUITests" */ = {
			isa = XCConfigurationList;
			buildConfigurations = (
				B5BC3E2A298E5B6000072731 /* Debug */,
				B5BC3E2B298E5B6000072731 /* Release */,
			);
			defaultConfigurationIsVisible = 0;
			defaultConfigurationName = Release;
		};
/* End XCConfigurationList section */
	};
	rootObject = B5BC3DF7298E5B5D00072731 /* Project object */;
}
